
Microsoft Visual Studio Solution File, Format Version 12.00
# Visual Studio Version 17
VisualStudioVersion = 17.14.36705.20 d17.14
MinimumVisualStudioVersion = 10.0.40219.1
Project("{FAE04EC0-301F-11D3-BF4B-00C04F79EFBC}") = "Inicialization", "Inicialization\Inicialization.csproj", "{75E949EC-2729-4060-B799-7EE258BE9D6A}"
EndProject
Project("{FAE04EC0-301F-11D3-BF4B-00C04F79EFBC}") = "Simulation", "Simulation\Simulation.csproj", "{C70DE985-10E8-44C6-93B3-0A5EA645F19C}"
EndProject
Project("{FAE04EC0-301F-11D3-BF4B-00C04F79EFBC}") = "Kozos", "Kozos\Kozos.csproj", "{49073488-68FC-4498-AEC3-0A43B7BDD8EF}"
EndProject
Global
	GlobalSection(SolutionConfigurationPlatforms) = preSolution
		Debug|Any CPU = Debug|Any CPU
		Release|Any CPU = Release|Any CPU
	EndGlobalSection
	GlobalSection(ProjectConfigurationPlatforms) = postSolution
		{75E949EC-2729-4060-B799-7EE258BE9D6A}.Debug|Any CPU.ActiveCfg = Debug|Any CPU
		{75E949EC-2729-4060-B799-7EE258BE9D6A}.Debug|Any CPU.Build.0 = Debug|Any CPU
		{75E949EC-2729-4060-B799-7EE258BE9D6A}.Release|Any CPU.ActiveCfg = Release|Any CPU
		{75E949EC-2729-4060-B799-7EE258BE9D6A}.Release|Any CPU.Build.0 = Release|Any CPU
		{C70DE985-10E8-44C6-93B3-0A5EA645F19C}.Debug|Any CPU.ActiveCfg = Debug|Any CPU
		{C70DE985-10E8-44C6-93B3-0A5EA645F19C}.Debug|Any CPU.Build.0 = Debug|Any CPU
		{C70DE985-10E8-44C6-93B3-0A5EA645F19C}.Release|Any CPU.ActiveCfg = Release|Any CPU
		{C70DE985-10E8-44C6-93B3-0A5EA645F19C}.Release|Any CPU.Build.0 = Release|Any CPU
		{49073488-68FC-4498-AEC3-0A43B7BDD8EF}.Debug|Any CPU.ActiveCfg = Debug|Any CPU
		{49073488-68FC-4498-AEC3-0A43B7BDD8EF}.Debug|Any CPU.Build.0 = Debug|Any CPU
		{49073488-68FC-4498-AEC3-0A43B7BDD8EF}.Release|Any CPU.ActiveCfg = Release|Any CPU
		{49073488-68FC-4498-AEC3-0A43B7BDD8EF}.Release|Any CPU.Build.0 = Release|Any CPU
	EndGlobalSection
	GlobalSection(SolutionProperties) = preSolution
		HideSolutionNode = FALSE
	EndGlobalSection
	GlobalSection(ExtensibilityGlobals) = postSolution
		SolutionGuid = {8800B207-F655-45CD-A0CF-DE7BAF0D05C7}
	EndGlobalSection
EndGlobal
